
Microsoft Visual Studio Solution File, Format Version 12.00
# Visual Studio Version 17
VisualStudioVersion = 17.7.34031.279
MinimumVisualStudioVersion = 10.0.40219.1
Project("{FAE04EC0-301F-11D3-BF4B-00C04F79EFBC}") = "01_Database_with_SqlClient", "01_Database_with_SqlClient\01_Database_with_SqlClient.csproj", "{74340483-6E83-4B7F-8BFD-05DD6F3B00FE}"
EndProject
Project("{FAE04EC0-301F-11D3-BF4B-00C04F79EFBC}") = "Project", "Project\Project.csproj", "{DD4D086D-65A2-480A-801C-E6D8AB7C6390}"
EndProject
Project("{FAE04EC0-301F-11D3-BF4B-00C04F79EFBC}") = "Database_With_EntityFrameWorkCore", "Database_With_EntityFrameWorkCore\Database_With_EntityFrameWorkCore.csproj", "{C5A8049A-8414-4B07-86BF-66BF316F9480}"
EndProject
Global
	GlobalSection(SolutionConfigurationPlatforms) = preSolution
		Debug|Any CPU = Debug|Any CPU
		Release|Any CPU = Release|Any CPU
	EndGlobalSection
	GlobalSection(ProjectConfigurationPlatforms) = postSolution
		{74340483-6E83-4B7F-8BFD-05DD6F3B00FE}.Debug|Any CPU.ActiveCfg = Debug|Any CPU
		{74340483-6E83-4B7F-8BFD-05DD6F3B00FE}.Debug|Any CPU.Build.0 = Debug|Any CPU
		{74340483-6E83-4B7F-8BFD-05DD6F3B00FE}.Release|Any CPU.ActiveCfg = Release|Any CPU
		{74340483-6E83-4B7F-8BFD-05DD6F3B00FE}.Release|Any CPU.Build.0 = Release|Any CPU
		{DD4D086D-65A2-480A-801C-E6D8AB7C6390}.Debug|Any CPU.ActiveCfg = Debug|Any CPU
		{DD4D086D-65A2-480A-801C-E6D8AB7C6390}.Debug|Any CPU.Build.0 = Debug|Any CPU
		{DD4D086D-65A2-480A-801C-E6D8AB7C6390}.Release|Any CPU.ActiveCfg = Release|Any CPU
		{DD4D086D-65A2-480A-801C-E6D8AB7C6390}.Release|Any CPU.Build.0 = Release|Any CPU
		{C5A8049A-8414-4B07-86BF-66BF316F9480}.Debug|Any CPU.ActiveCfg = Debug|Any CPU
		{C5A8049A-8414-4B07-86BF-66BF316F9480}.Debug|Any CPU.Build.0 = Debug|Any CPU
		{C5A8049A-8414-4B07-86BF-66BF316F9480}.Release|Any CPU.ActiveCfg = Release|Any CPU
		{C5A8049A-8414-4B07-86BF-66BF316F9480}.Release|Any CPU.Build.0 = Release|Any CPU
	EndGlobalSection
	GlobalSection(SolutionProperties) = preSolution
		HideSolutionNode = FALSE
	EndGlobalSection
	GlobalSection(ExtensibilityGlobals) = postSolution
		SolutionGuid = {647F04C5-0853-411A-A7D2-CB716C4BD7E4}
	EndGlobalSection
EndGlobal
